
Microsoft Visual Studio Solution File, Format Version 12.00
# Visual Studio Version 16
VisualStudioVersion = 16.0.32413.511
MinimumVisualStudioVersion = 10.0.40219.1
Project("{9A19103F-16F7-4668-BE54-9A1E7A4F7556}") = "Sudoku", "Sudoku\Sudoku.csproj", "{9A5FBE4D-B313-4B3A-9FE8-0D403F21D8A2}"
EndProject
Project("{9A19103F-16F7-4668-BE54-9A1E7A4F7556}") = "Sortable Shapes", "Sortable Shapes\Sortable Shapes.csproj", "{2BE005B7-758E-4F07-B669-732B56A64D38}"
EndProject
Project("{2150E333-8FDC-42A3-9474-1A3956D46DE8}") = "DataBase", "DataBase", "{EAA0BAEF-6140-485C-9FC6-4326881D6927}"
EndProject
Global
	GlobalSection(SolutionConfigurationPlatforms) = preSolution
		Debug|Any CPU = Debug|Any CPU
		Release|Any CPU = Release|Any CPU
	EndGlobalSection
	GlobalSection(ProjectConfigurationPlatforms) = postSolution
		{9A5FBE4D-B313-4B3A-9FE8-0D403F21D8A2}.Debug|Any CPU.ActiveCfg = Debug|Any CPU
		{9A5FBE4D-B313-4B3A-9FE8-0D403F21D8A2}.Debug|Any CPU.Build.0 = Debug|Any CPU
		{9A5FBE4D-B313-4B3A-9FE8-0D403F21D8A2}.Release|Any CPU.ActiveCfg = Release|Any CPU
		{9A5FBE4D-B313-4B3A-9FE8-0D403F21D8A2}.Release|Any CPU.Build.0 = Release|Any CPU
		{2BE005B7-758E-4F07-B669-732B56A64D38}.Debug|Any CPU.ActiveCfg = Debug|Any CPU
		{2BE005B7-758E-4F07-B669-732B56A64D38}.Debug|Any CPU.Build.0 = Debug|Any CPU
		{2BE005B7-758E-4F07-B669-732B56A64D38}.Release|Any CPU.ActiveCfg = Release|Any CPU
		{2BE005B7-758E-4F07-B669-732B56A64D38}.Release|Any CPU.Build.0 = Release|Any CPU
	EndGlobalSection
	GlobalSection(SolutionProperties) = preSolution
		HideSolutionNode = FALSE
	EndGlobalSection
	GlobalSection(ExtensibilityGlobals) = postSolution
		SolutionGuid = {39444A15-110E-4327-B86A-1B3593D7FD12}
	EndGlobalSection
EndGlobal
